version: 2

# Optional per-config manual files:
# - input/manual_filter_pass/block.txt
# - input/manual_filter_out/block.txt
# - input/manual_add/block.txt
# manual_filter_pass and manual_add entries still require DNS delegation. When
# delegation is actionable they bypass host-resolution and geo checks and emit
# filtered output. manual_add takes precedence over matching source entries for
# the same host. manual_filter_out skips DNS/geo and emits one review row per
# host. Public-suffix inputs are prepare-owned review/audit rows because they
# have no registrable domain for delegation.

defaults:
  fetch:
    request_timeout: 30.0

  dns:
    # Delegation-only block checks use the platform resolver plus Cloudflare
    # Public DNS, Control D unfiltered, and DNS.SB with ECS disabled. Resolver
    # weights control traffic share. Per-provider aggregate_qps_target values
    # are conservative project caps divided across effective parallel workers;
    # they are not provider-published guarantees.
    default_resolvers: []
    timeout: 5.0
    # Retryable DNS timeout/SERVFAIL waits use this exponential backoff base,
    # capped at 2 seconds between attempts.
    retry_backoff_base_seconds: 1.0
    query_rate_limit:
      enabled: true
      providers:
        system_resolver:
          qps_per_worker: 60.0
          aggregate_qps_target: 60.0
          burst: 10
          max_pending: 32
        google_public_dns:
          qps_per_worker: 30.0
          aggregate_qps_target: 30.0
          burst: 5
          max_pending: 16
        quad9_ecs_public_dns:
          qps_per_worker: 30.0
          aggregate_qps_target: 30.0
          burst: 5
          max_pending: 16
        cloudflare_public_dns:
          qps_per_worker: 12.0
          aggregate_qps_target: 12.0
          burst: 2
          max_pending: 8
        opendns_public_dns:
          qps_per_worker: 12.0
          aggregate_qps_target: 12.0
          burst: 2
          max_pending: 8
        controld_unfiltered_public_dns:
          qps_per_worker: 12.0
          aggregate_qps_target: 12.0
          burst: 2
          max_pending: 8
        dns_sb_public_dns:
          qps_per_worker: 12.0
          aggregate_qps_target: 12.0
          burst: 2
          max_pending: 8
        unrecognized_resolver:
          qps_per_worker: 12.0
          aggregate_qps_target: 12.0
          burst: 2
          max_pending: 8
    delegation:
      resolvers:
        - resolver: system_resolver
          weight: 4
        - resolver: 1.1.1.1
          weight: 3
        # - resolver: 1.0.0.1
        #   weight: 3
        - resolver: 76.76.2.0
          weight: 2
        # - resolver: 76.76.10.0
        #   weight: 2
        - resolver: 185.222.222.222
          weight: 2
        # - resolver: 45.11.45.11
        #   weight: 2
      retry_attempts: 4
    host_resolution:
      enabled: false
      retry_attempts: 3

  output:
    directory: output

cache:
  classification_ttl_days:
    dns_delegation_actionable: 7
    dns_delegation_unactionable: 1
  dns_ttl_days: 7
  dns_host_resolution_ttl_days:
    resolved: 7
    nodata: 1
    nxdomain: 1
    unknown: 0

sources:
  - id: block
    enabled: true
    input:
      type: url
      location: https://is.gd/vQFXgT
    geo:
      enabled: false
